
Microsoft Visual Studio Solution File, Format Version 12.00
# Visual Studio Version 17
VisualStudioVersion = 17.3.32819.101
MinimumVisualStudioVersion = 10.0.40219.1
Project("{FAE04EC0-301F-11D3-BF4B-00C04F79EFBC}") = "RickAndMortyPWC", "RickAndMortyPWC\RickAndMortyPWC.csproj", "{018BB955-42F0-45C0-95D1-735F70D56004}"
EndProject
Global
	GlobalSection(SolutionConfigurationPlatforms) = preSolution
		Debug|Any CPU = Debug|Any CPU
		Release|Any CPU = Release|Any CPU
	EndGlobalSection
	GlobalSection(ProjectConfigurationPlatforms) = postSolution
		{018BB955-42F0-45C0-95D1-735F70D56004}.Debug|Any CPU.ActiveCfg = Debug|Any CPU
		{018BB955-42F0-45C0-95D1-735F70D56004}.Debug|Any CPU.Build.0 = Debug|Any CPU
		{018BB955-42F0-45C0-95D1-735F70D56004}.Release|Any CPU.ActiveCfg = Release|Any CPU
		{018BB955-42F0-45C0-95D1-735F70D56004}.Release|Any CPU.Build.0 = Release|Any CPU
	EndGlobalSection
	GlobalSection(SolutionProperties) = preSolution
		HideSolutionNode = FALSE
	EndGlobalSection
	GlobalSection(ExtensibilityGlobals) = postSolution
		SolutionGuid = {F13D4C1C-91BD-4F97-943F-E88E0E525D91}
	EndGlobalSection
EndGlobal
